
Microsoft Visual Studio Solution File, Format Version 12.00
# Visual Studio Version 16
VisualStudioVersion = 16.0.32228.343
MinimumVisualStudioVersion = 10.0.40219.1
Project("{FAE04EC0-301F-11D3-BF4B-00C04F79EFBC}") = "Music.db", "Music.db\Music.db.csproj", "{4A7ABC2D-EACD-435C-BDFB-9DE875EBE36B}"
EndProject
Global
	GlobalSection(SolutionConfigurationPlatforms) = preSolution
		Debug|Any CPU = Debug|Any CPU
		Release|Any CPU = Release|Any CPU
	EndGlobalSection
	GlobalSection(ProjectConfigurationPlatforms) = postSolution
		{4A7ABC2D-EACD-435C-BDFB-9DE875EBE36B}.Debug|Any CPU.ActiveCfg = Debug|Any CPU
		{4A7ABC2D-EACD-435C-BDFB-9DE875EBE36B}.Debug|Any CPU.Build.0 = Debug|Any CPU
		{4A7ABC2D-EACD-435C-BDFB-9DE875EBE36B}.Release|Any CPU.ActiveCfg = Release|Any CPU
		{4A7ABC2D-EACD-435C-BDFB-9DE875EBE36B}.Release|Any CPU.Build.0 = Release|Any CPU
	EndGlobalSection
	GlobalSection(SolutionProperties) = preSolution
		HideSolutionNode = FALSE
	EndGlobalSection
	GlobalSection(ExtensibilityGlobals) = postSolution
		SolutionGuid = {1744748C-A659-4FA8-BB6D-F2644E5BA7FB}
	EndGlobalSection
EndGlobal
